
Microsoft Visual Studio Solution File, Format Version 12.00
# Visual Studio Version 17
VisualStudioVersion = 17.2.32616.157
MinimumVisualStudioVersion = 10.0.40219.1
Project("{FAE04EC0-301F-11D3-BF4B-00C04F79EFBC}") = "Abstract Factory", "Abstract Factory\Abstract Factory.csproj", "{0C341452-A74F-4AEC-BD3E-F37A938FB75A}"
EndProject
Global
	GlobalSection(SolutionConfigurationPlatforms) = preSolution
		Debug|Any CPU = Debug|Any CPU
		Release|Any CPU = Release|Any CPU
	EndGlobalSection
	GlobalSection(ProjectConfigurationPlatforms) = postSolution
		{0C341452-A74F-4AEC-BD3E-F37A938FB75A}.Debug|Any CPU.ActiveCfg = Debug|Any CPU
		{0C341452-A74F-4AEC-BD3E-F37A938FB75A}.Debug|Any CPU.Build.0 = Debug|Any CPU
		{0C341452-A74F-4AEC-BD3E-F37A938FB75A}.Release|Any CPU.ActiveCfg = Release|Any CPU
		{0C341452-A74F-4AEC-BD3E-F37A938FB75A}.Release|Any CPU.Build.0 = Release|Any CPU
	EndGlobalSection
	GlobalSection(SolutionProperties) = preSolution
		HideSolutionNode = FALSE
	EndGlobalSection
	GlobalSection(ExtensibilityGlobals) = postSolution
		SolutionGuid = {718A94AA-FF45-46C9-B35B-8C9CEA9E493C}
	EndGlobalSection
EndGlobal
